
Microsoft Visual Studio Solution File, Format Version 12.00
# Visual Studio Version 17
VisualStudioVersion = 17.11.35431.28
MinimumVisualStudioVersion = 10.0.40219.1
Project("{FAE04EC0-301F-11D3-BF4B-00C04F79EFBC}") = "CopyWarehouse", "CopyWarehouse.csproj", "{40F181A6-5B45-468B-903B-4E6B269DBCE2}"
EndProject
Global
	GlobalSection(SolutionConfigurationPlatforms) = preSolution
		Debug|Any CPU = Debug|Any CPU
		Release|Any CPU = Release|Any CPU
	EndGlobalSection
	GlobalSection(ProjectConfigurationPlatforms) = postSolution
		{40F181A6-5B45-468B-903B-4E6B269DBCE2}.Debug|Any CPU.ActiveCfg = Debug|Any CPU
		{40F181A6-5B45-468B-903B-4E6B269DBCE2}.Debug|Any CPU.Build.0 = Debug|Any CPU
		{40F181A6-5B45-468B-903B-4E6B269DBCE2}.Release|Any CPU.ActiveCfg = Release|Any CPU
		{40F181A6-5B45-468B-903B-4E6B269DBCE2}.Release|Any CPU.Build.0 = Release|Any CPU
	EndGlobalSection
	GlobalSection(SolutionProperties) = preSolution
		HideSolutionNode = FALSE
	EndGlobalSection
	GlobalSection(ExtensibilityGlobals) = postSolution
		SolutionGuid = {2B719D12-6E4D-470C-BA0D-4A45CE04DF0E}
	EndGlobalSection
EndGlobal
