{
  "name": "rayfin-functions",
  "version": "1.0.0",
  "lockfileVersion": 3,
  "requires": true,
  "packages": {
    "": {
      "name": "rayfin-functions",
      "version": "1.0.0",
      "dependencies": {
        "@microsoft/fabric-user-data-functions": "1.36.2",
        "@microsoft/rayfin-data": "1.36.2",
        "mssql": "^12.7.2"
      },
      "devDependencies": {
        "@types/mssql": "^12.3.0",
        "@types/node": "^24.0.0",
        "rimraf": "^6.0.0",
        "typescript": "^5.8.0"
      }
    },
    "node_modules/@azure-rest/core-client": {
      "version": "2.9.0",
      "resolved": "https://ms-feed-25.pkgs.visualstudio.com/1es-public/_packaging/npm-public/npm/registry/@azure-rest/core-client/-/core-client-2.9.0.tgz",
      "integrity": "sha1-4MLGSgtLNk1R/w7+0S74izbNYFo=",
      "license": "MIT",
      "dependencies": {
        "@azure/abort-controller": "^2.1.2",
        "@azure/core-auth": "^1.10.0",
        "@azure/core-rest-pipeline": "^1.24.0",
        "@azure/core-tracing": "^1.3.0",
        "@typespec/ts-http-runtime": "^0.3.8",
        "tslib": "^2.6.2"
      },
      "engines": {
        "node": ">=22.0.0"
      }
    },
    "node_modules/@azure/abort-controller": {
      "version": "2.2.0",
      "resolved": "https://ms-feed-25.pkgs.visualstudio.com/1es-public/_packaging/npm-public/npm/registry/@azure/abort-controller/-/abort-controller-2.2.0.tgz",
      "integrity": "sha1-k+DoKwGGLn6jtbaZWHGdPz/SyKw=",
      "license": "MIT",
      "dependencies": {
        "tslib": "^2.6.2"
      },
      "engines": {
        "node": ">=22.0.0"
      }
    },
    "node_modules/@azure/core-auth": {
      "version": "1.11.0",
      "resolved": "https://ms-feed-25.pkgs.visualstudio.com/1es-public/_packaging/npm-public/npm/registry/@azure/core-auth/-/core-auth-1.11.0.tgz",
      "integrity": "sha1-Ha7/32LRqHHSK4ZfnzFkpj6h9XU=",
      "license": "MIT",
      "dependencies": {
        "@azure/abort-controller": "^2.1.2",
        "@azure/core-util": "^1.13.0",
        "tslib": "^2.6.2"
      },
      "engines": {
        "node": ">=22.0.0"
      }
    },
    "node_modules/@azure/core-client": {
      "version": "1.11.1",
      "resolved": "https://ms-feed-25.pkgs.visualstudio.com/1es-public/_packaging/npm-public/npm/registry/@azure/core-client/-/core-client-1.11.1.tgz",
      "integrity": "sha1-2ZCHiohXdQerETGTW0c0sppjfVg=",
      "license": "MIT",
      "dependencies": {
        "@azure/abort-controller": "^2.1.2",
        "@azure/core-auth": "^1.10.0",
        "@azure/core-rest-pipeline": "^1.22.0",
        "@azure/core-tracing": "^1.3.0",
        "@azure/core-util": "^1.13.0",
        "@azure/logger": "^1.3.0",
        "tslib": "^2.6.2"
      },
      "engines": {
        "node": ">=22.0.0"
      }
    },
    "node_modules/@azure/core-lro": {
      "version": "2.7.2",
      "resolved": "https://ms-feed-25.pkgs.visualstudio.com/1es-public/_packaging/npm-public/npm/registry/@azure/core-lro/-/core-lro-2.7.2.tgz",
      "integrity": "sha1-eHEFAnog5Fx3ZRqYsBpNOwG3Wgg=",
      "license": "MIT",
      "dependencies": {
        "@azure/abort-controller": "^2.0.0",
        "@azure/core-util": "^1.2.0",
        "@azure/logger": "^1.0.0",
        "tslib": "^2.6.2"
      },
      "engines": {
        "node": ">=18.0.0"
      }
    },
    "node_modules/@azure/core-paging": {
      "version": "1.7.0",
      "resolved": "https://ms-feed-25.pkgs.visualstudio.com/1es-public/_packaging/npm-public/npm/registry/@azure/core-paging/-/core-paging-1.7.0.tgz",
      "integrity": "sha1-WVl6L1Q4ujxsh4n8hw9p4OeFMag=",
      "license": "MIT",
      "dependencies": {
        "tslib": "^2.6.2"
      },
      "engines": {
        "node": ">=22.0.0"
      }
    },
    "node_modules/@azure/core-process": {
      "version": "1.0.0",
      "resolved": "https://ms-feed-25.pkgs.visualstudio.com/1es-public/_packaging/npm-public/npm/registry/@azure/core-process/-/core-process-1.0.0.tgz",
      "integrity": "sha1-w68cFyI9ZTjhs2ln3clM2uUyy4M=",
      "license": "MIT",
      "engines": {
        "node": ">=22.0.0"
      }
    },
    "node_modules/@azure/core-rest-pipeline": {
      "version": "1.25.0",
      "resolved": "https://ms-feed-25.pkgs.visualstudio.com/1es-public/_packaging/npm-public/npm/registry/@azure/core-rest-pipeline/-/core-rest-pipeline-1.25.0.tgz",
      "integrity": "sha1-kupJEu27H3OV9IKaMAYxF0qoLwg=",
      "license": "MIT",
      "dependencies": {
        "@azure/abort-controller": "^2.1.2",
        "@azure/core-auth": "^1.10.0",
        "@azure/core-tracing": "^1.3.0",
        "@azure/core-util": "^1.13.0",
        "@azure/logger": "^1.3.0",
        "@typespec/ts-http-runtime": "^0.3.4",
        "tslib": "^2.6.2"
      },
      "engines": {
        "node": ">=22.0.0"
      }
    },
    "node_modules/@azure/core-tracing": {
      "version": "1.4.0",
      "resolved": "https://ms-feed-25.pkgs.visualstudio.com/1es-public/_packaging/npm-public/npm/registry/@azure/core-tracing/-/core-tracing-1.4.0.tgz",
      "integrity": "sha1-1lenAOJNJW0ZXmKKeV22qMxHXqs=",
      "license": "MIT",
      "dependencies": {
        "tslib": "^2.6.2"
      },
      "engines": {
        "node": ">=22.0.0"
      }
    },
    "node_modules/@azure/core-util": {
      "version": "1.14.0",
      "resolved": "https://ms-feed-25.pkgs.visualstudio.com/1es-public/_packaging/npm-public/npm/registry/@azure/core-util/-/core-util-1.14.0.tgz",
      "integrity": "sha1-fOn+V5WPEy3UIlc4VuWkXHIyuwQ=",
      "license": "MIT",
      "dependencies": {
        "@azure/abort-controller": "^2.1.2",
        "@typespec/ts-http-runtime": "^0.3.0",
        "tslib": "^2.6.2"
      },
      "engines": {
        "node": ">=22.0.0"
      }
    },
    "node_modules/@azure/functions": {
      "version": "4.16.5",
      "resolved": "https://ms-feed-25.pkgs.visualstudio.com/1es-public/_packaging/npm-public/npm/registry/@azure/functions/-/functions-4.16.5.tgz",
      "integrity": "sha1-mP18vAvEb5ZJO89Oz4iCrDYQghQ=",
      "license": "MIT",
      "dependencies": {
        "@azure/functions-extensions-base": "0.3.0",
        "cookie": "^0.7.0"
      },
      "engines": {
        "node": ">=20.0"
      }
    },
    "node_modules/@azure/functions-extensions-base": {
      "version": "0.3.0",
      "resolved": "https://ms-feed-25.pkgs.visualstudio.com/1es-public/_packaging/npm-public/npm/registry/@azure/functions-extensions-base/-/functions-extensions-base-0.3.0.tgz",
      "integrity": "sha1-cGLy8GmLtkdwN4+eev+fd8Ukn04=",
      "license": "MIT",
      "engines": {
        "node": ">=18.0"
      }
    },
    "node_modules/@azure/identity": {
      "version": "4.13.3",
      "resolved": "https://ms-feed-25.pkgs.visualstudio.com/1es-public/_packaging/npm-public/npm/registry/@azure/identity/-/identity-4.13.3.tgz",
      "integrity": "sha1-93gb4IncYjHheuFFS5oekbx5e4E=",
      "license": "MIT",
      "dependencies": {
        "@azure/abort-controller": "^2.0.0",
        "@azure/core-auth": "^1.9.0",
        "@azure/core-client": "^1.9.2",
        "@azure/core-process": "^1.0.0",
        "@azure/core-rest-pipeline": "^1.17.0",
        "@azure/core-tracing": "^1.0.0",
        "@azure/core-util": "^1.11.0",
        "@azure/logger": "^1.0.0",
        "@azure/msal-browser": "^5.5.0",
        "@azure/msal-node": "^6.0.0",
        "open": "^10.1.0",
        "tslib": "^2.2.0"
      },
      "engines": {
        "node": ">=22.0.0"
      }
    },
    "node_modules/@azure/keyvault-common": {
      "version": "2.1.0",
      "resolved": "https://ms-feed-25.pkgs.visualstudio.com/1es-public/_packaging/npm-public/npm/registry/@azure/keyvault-common/-/keyvault-common-2.1.0.tgz",
      "integrity": "sha1-Zw50FKK/aDcbCz0fmByboCeLd90=",
      "license": "MIT",
      "dependencies": {
        "@azure-rest/core-client": "^2.3.3",
        "@azure/abort-controller": "^2.0.0",
        "@azure/core-auth": "^1.3.0",
        "@azure/core-rest-pipeline": "^1.8.0",
        "@azure/core-tracing": "^1.0.0",
        "@azure/core-util": "^1.10.0",
        "@azure/logger": "^1.1.4",
        "tslib": "^2.2.0"
      },
      "engines": {
        "node": ">=20.0.0"
      }
    },
    "node_modules/@azure/keyvault-keys": {
      "version": "4.10.2",
      "resolved": "https://ms-feed-25.pkgs.visualstudio.com/1es-public/_packaging/npm-public/npm/registry/@azure/keyvault-keys/-/keyvault-keys-4.10.2.tgz",
      "integrity": "sha1-RonuPX645uaBvtDtHwVJ1uwyq2E=",
      "license": "MIT",
      "dependencies": {
        "@azure-rest/core-client": "^2.3.3",
        "@azure/abort-controller": "^2.1.2",
        "@azure/core-auth": "^1.9.0",
        "@azure/core-lro": "^2.7.2",
        "@azure/core-paging": "^1.6.2",
        "@azure/core-rest-pipeline": "^1.19.0",
        "@azure/core-tracing": "^1.2.0",
        "@azure/core-util": "^1.11.0",
        "@azure/keyvault-common": "^2.1.0",
        "@azure/logger": "^1.1.4",
        "tslib": "^2.8.1"
      },
      "engines": {
        "node": ">=20.0.0"
      }
    },
    "node_modules/@azure/logger": {
      "version": "1.4.0",
      "resolved": "https://ms-feed-25.pkgs.visualstudio.com/1es-public/_packaging/npm-public/npm/registry/@azure/logger/-/logger-1.4.0.tgz",
      "integrity": "sha1-PVpif+WaJ27OdIenndkq1cUIwzk=",
      "license": "MIT",
      "dependencies": {
        "@typespec/ts-http-runtime": "^0.3.0",
        "tslib": "^2.6.2"
      },
      "engines": {
        "node": ">=22.0.0"
      }
    },
    "node_modules/@azure/msal-browser": {
      "version": "5.23.0",
      "resolved": "https://ms-feed-25.pkgs.visualstudio.com/1es-public/_packaging/npm-public/npm/registry/@azure/msal-browser/-/msal-browser-5.23.0.tgz",
      "integrity": "sha512-IRCwkRCK47hBXK+7bu67UZWY7HS0Jx1dZgi4C1HVbjlBum8Jy8fb2l87xFr6HxdQJWy951zRUHtwwDITHFAtaA==",
      "license": "MIT",
      "dependencies": {
        "@azure/msal-common": "16.14.1"
      },
      "engines": {
        "node": ">=0.8.0"
      }
    },
    "node_modules/@azure/msal-common": {
      "version": "16.14.1",
      "resolved": "https://ms-feed-25.pkgs.visualstudio.com/1es-public/_packaging/npm-public/npm/registry/@azure/msal-common/-/msal-common-16.14.1.tgz",
      "integrity": "sha1-LJh/MdqFjlROcrb6qYb+zbPeIPg=",
      "license": "MIT",
      "engines": {
        "node": ">=0.8.0"
      }
    },
    "node_modules/@azure/msal-node": {
      "version": "6.0.1",
      "resolved": "https://ms-feed-25.pkgs.visualstudio.com/1es-public/_packaging/npm-public/npm/registry/@azure/msal-node/-/msal-node-6.0.1.tgz",
      "integrity": "sha1-SLnVpHLxa0A706MklCJ+z8VMr9Q=",
      "license": "MIT",
      "dependencies": {
        "@azure/msal-common": "16.14.1",
        "jsonwebtoken": "^9.0.0"
      },
      "engines": {
        "node": ">=20"
      }
    },
    "node_modules/@isaacs/fs-minipass": {
      "version": "4.0.1",
      "resolved": "https://ms-feed-25.pkgs.visualstudio.com/1es-public/_packaging/npm-public/npm/registry/@isaacs/fs-minipass/-/fs-minipass-4.0.1.tgz",
      "integrity": "sha1-LVmuOrSzj7QnC/oj0w+OLobH/jI=",
      "license": "ISC",
      "dependencies": {
        "minipass": "^7.0.4"
      },
      "engines": {
        "node": ">=18.0.0"
      }
    },
    "node_modules/@js-joda/core": {
      "version": "6.1.0",
      "resolved": "https://ms-feed-25.pkgs.visualstudio.com/1es-public/_packaging/npm-public/npm/registry/@js-joda/core/-/core-6.1.0.tgz",
      "integrity": "sha1-7YjQLO5WtJuGCDRn20i4TlwKqN4=",
      "license": "BSD-3-Clause"
    },
    "node_modules/@microsoft/fabric-user-data-functions": {
      "version": "1.36.2",
      "resolved": "https://ms-feed-25.pkgs.visualstudio.com/1es-public/_packaging/npm-public/npm/registry/@microsoft/fabric-user-data-functions/-/fabric-user-data-functions-1.36.2.tgz",
      "integrity": "sha512-t6J4MxjPYSXZvY3emo0p3Lksu7rkIacuasTEZBVnTlp7tqXoMGR8F/xWSV+WDQVc0ZhBQhdCA9pmyarRmFQk5A==",
      "license": "MIT",
      "dependencies": {
        "@azure/functions": "^4.0.0",
        "@microsoft/rayfin-client": "1.36.2"
      },
      "engines": {
        "node": ">=20.0.0 <21.0.0 || >=22.0.0 <23.0.0 || >=24.0.0 <25.0.0"
      }
    },
    "node_modules/@microsoft/rayfin-auth": {
      "version": "1.36.2",
      "resolved": "https://ms-feed-25.pkgs.visualstudio.com/1es-public/_packaging/npm-public/npm/registry/@microsoft/rayfin-auth/-/rayfin-auth-1.36.2.tgz",
      "integrity": "sha512-LtKZklYptMfKzx29l3hdGorvbU4UbCsj1mLK52YRSVwvBWhcopgCzE/magdnI5TsqJGxc2WlKFS6Ddh0Hudjxw==",
      "license": "MIT",
      "dependencies": {
        "@microsoft/rayfin-lib": "1.36.2"
      }
    },
    "node_modules/@microsoft/rayfin-client": {
      "version": "1.36.2",
      "resolved": "https://ms-feed-25.pkgs.visualstudio.com/1es-public/_packaging/npm-public/npm/registry/@microsoft/rayfin-client/-/rayfin-client-1.36.2.tgz",
      "integrity": "sha512-/Z9yD8qvH4m4Hp70Is+EZy+HYdIfNOwl50TWuR8oHMrJSfR8Q7v62f80207dp5leiKGlYNjBLCwFBq14/AowDA==",
      "license": "MIT",
      "dependencies": {
        "@microsoft/rayfin-auth": "1.36.2",
        "@microsoft/rayfin-connectors": "1.36.2",
        "@microsoft/rayfin-data": "1.36.2",
        "@microsoft/rayfin-functions": "1.36.2",
        "@microsoft/rayfin-lib": "1.36.2"
      }
    },
    "node_modules/@microsoft/rayfin-connectors": {
      "version": "1.36.2",
      "resolved": "https://ms-feed-25.pkgs.visualstudio.com/1es-public/_packaging/npm-public/npm/registry/@microsoft/rayfin-connectors/-/rayfin-connectors-1.36.2.tgz",
      "integrity": "sha512-Eiuyc3+4QYHOvecN/MewEfcJ3Loxve0HnIehMAbrCZKf+YX153yyeWk7vr8YaCENDP2O7OTas1EXVNQC52ni3Q==",
      "license": "MIT",
      "dependencies": {
        "@microsoft/rayfin-core": "1.36.2",
        "@microsoft/rayfin-data": "1.36.2",
        "@microsoft/rayfin-lib": "1.36.2",
        "@microsoft/rayfin-tools-common": "1.36.2"
      }
    },
    "node_modules/@microsoft/rayfin-core": {
      "version": "1.36.2",
      "resolved": "https://ms-feed-25.pkgs.visualstudio.com/1es-public/_packaging/npm-public/npm/registry/@microsoft/rayfin-core/-/rayfin-core-1.36.2.tgz",
      "integrity": "sha512-gsQWM+mzoLQVvhp6cATvMOSrh/a/4u7kPXTDK4HKXZdb00AD5VFu2uxDYogzH/7xB9HTKf3SEI30uMIXi5KKIA==",
      "license": "MIT",
      "dependencies": {
        "@microsoft/rayfin-lib": "1.36.2",
        "@standard-schema/spec": "^1.1.0"
      },
      "peerDependencies": {
        "typescript": "^5.0.0"
      }
    },
    "node_modules/@microsoft/rayfin-data": {
      "version": "1.36.2",
      "resolved": "https://ms-feed-25.pkgs.visualstudio.com/1es-public/_packaging/npm-public/npm/registry/@microsoft/rayfin-data/-/rayfin-data-1.36.2.tgz",
      "integrity": "sha512-WELexYmyHlfZsfTVmUFZ8IMKydClLQ3WCoGu+M3twfgVyFhWE7S47XBI1/MCDQSv5a656nsYshk4we1+l90zyQ==",
      "license": "MIT",
      "dependencies": {
        "@microsoft/rayfin-core": "1.36.2",
        "@microsoft/rayfin-lib": "1.36.2"
      }
    },
    "node_modules/@microsoft/rayfin-functions": {
      "version": "1.36.2",
      "resolved": "https://ms-feed-25.pkgs.visualstudio.com/1es-public/_packaging/npm-public/npm/registry/@microsoft/rayfin-functions/-/rayfin-functions-1.36.2.tgz",
      "integrity": "sha512-k+rm5vI3hAK5KI0geJHXyc9fBRdIIRD8QFsKRPCrny5XaRwQqZhNcJc+59n1x2Z1i7FxjtjyGLPDE7AQ2ObYjg==",
      "license": "MIT",
      "dependencies": {
        "@microsoft/rayfin-lib": "1.36.2"
      }
    },
    "node_modules/@microsoft/rayfin-lib": {
      "version": "1.36.2",
      "resolved": "https://ms-feed-25.pkgs.visualstudio.com/1es-public/_packaging/npm-public/npm/registry/@microsoft/rayfin-lib/-/rayfin-lib-1.36.2.tgz",
      "integrity": "sha512-I3juXTwrLHS7/AmY5GhaOTKU7Lzjnhx/6fiZOPQeN+aFmyV8mmRu7qK6BYsQ4yqGXh+acWKE6/8TMZJi7AyiQw==",
      "license": "MIT",
      "dependencies": {
        "pluralize": "^8.0.0"
      }
    },
    "node_modules/@microsoft/rayfin-tools-common": {
      "version": "1.36.2",
      "resolved": "https://ms-feed-25.pkgs.visualstudio.com/1es-public/_packaging/npm-public/npm/registry/@microsoft/rayfin-tools-common/-/rayfin-tools-common-1.36.2.tgz",
      "integrity": "sha512-jqneNSY5y1Sl2+tlQJTfWxILevTML7Mb47PnutPiZV9Rr7iyX9U3ldW3QXBYcKACLQlc33DzSeSGlO4XBHDpkA==",
      "license": "MIT",
      "dependencies": {
        "tar": "~7.5.15",
        "yaml": "^2.8.2",
        "zod": "~4.3.6"
      }
    },
    "node_modules/@standard-schema/spec": {
      "version": "1.1.0",
      "resolved": "https://ms-feed-25.pkgs.visualstudio.com/1es-public/_packaging/npm-public/npm/registry/@standard-schema/spec/-/spec-1.1.0.tgz",
      "integrity": "sha1-p5tV26+GBIEvUtFAssmrQbwVC7g=",
      "license": "MIT"
    },
    "node_modules/@tediousjs/connection-string": {
      "version": "1.1.0",
      "resolved": "https://ms-feed-25.pkgs.visualstudio.com/1es-public/_packaging/npm-public/npm/registry/@tediousjs/connection-string/-/connection-string-1.1.0.tgz",
      "integrity": "sha1-fvaKh2nqwyPt6WubQKArVDZvBdw=",
      "license": "MIT"
    },
    "node_modules/@types/mssql": {
      "version": "12.3.0",
      "resolved": "https://ms-feed-25.pkgs.visualstudio.com/1es-public/_packaging/npm-public/npm/registry/@types/mssql/-/mssql-12.3.0.tgz",
      "integrity": "sha1-d64056JY87QCCNTg4bRnN9D2o8g=",
      "dev": true,
      "license": "MIT",
      "dependencies": {
        "@types/node": "*",
        "tarn": "^3.0.1",
        "tedious": "*"
      }
    },
    "node_modules/@types/node": {
      "version": "24.13.6",
      "resolved": "https://ms-feed-25.pkgs.visualstudio.com/1es-public/_packaging/npm-public/npm/registry/@types/node/-/node-24.13.6.tgz",
      "integrity": "sha512-SGrw/h3KPFshy3OE6ZL53LMBG5vGQQ8/gIpiqz/kRZhPJ7HgwCEs8LBuNtWLa8dvGZVpSF7+Bf+c11HUrCb/yg==",
      "license": "MIT",
      "dependencies": {
        "undici-types": "~7.18.0"
      }
    },
    "node_modules/@types/readable-stream": {
      "version": "4.0.24",
      "resolved": "https://ms-feed-25.pkgs.visualstudio.com/1es-public/_packaging/npm-public/npm/registry/@types/readable-stream/-/readable-stream-4.0.24.tgz",
      "integrity": "sha1-eyQxv8E2fQXFNZitNglLBEcm1EI=",
      "license": "MIT",
      "dependencies": {
        "@types/node": "*"
      }
    },
    "node_modules/@typespec/ts-http-runtime": {
      "version": "0.3.9",
      "resolved": "https://ms-feed-25.pkgs.visualstudio.com/1es-public/_packaging/npm-public/npm/registry/@typespec/ts-http-runtime/-/ts-http-runtime-0.3.9.tgz",
      "integrity": "sha1-MyhVu9cpqzbgd5st/CTtySDRJGE=",
      "license": "MIT",
      "dependencies": {
        "http-proxy-agent": "^7.0.0",
        "https-proxy-agent": "^7.0.0",
        "tslib": "^2.6.2"
      },
      "engines": {
        "node": ">=22.0.0"
      }
    },
    "node_modules/abort-controller": {
      "version": "3.0.0",
      "resolved": "https://ms-feed-25.pkgs.visualstudio.com/1es-public/_packaging/npm-public/npm/registry/abort-controller/-/abort-controller-3.0.0.tgz",
      "integrity": "sha1-6vVNU7YrrkE46AnKIlyEOabvs5I=",
      "license": "MIT",
      "dependencies": {
        "event-target-shim": "^5.0.0"
      },
      "engines": {
        "node": ">=6.5"
      }
    },
    "node_modules/agent-base": {
      "version": "7.1.4",
      "resolved": "https://ms-feed-25.pkgs.visualstudio.com/1es-public/_packaging/npm-public/npm/registry/agent-base/-/agent-base-7.1.4.tgz",
      "integrity": "sha1-48121MVI7oldPD/Y3B9sW5Ay56g=",
      "license": "MIT",
      "engines": {
        "node": ">= 14"
      }
    },
    "node_modules/balanced-match": {
      "version": "4.0.4",
      "resolved": "https://ms-feed-25.pkgs.visualstudio.com/1es-public/_packaging/npm-public/npm/registry/balanced-match/-/balanced-match-4.0.4.tgz",
      "integrity": "sha1-v7EGYv7tgZaixi58aOF3IMJ0F5o=",
      "dev": true,
      "license": "MIT",
      "engines": {
        "node": "18 || 20 || >=22"
      }
    },
    "node_modules/base64-js": {
      "version": "1.5.1",
      "resolved": "https://ms-feed-25.pkgs.visualstudio.com/1es-public/_packaging/npm-public/npm/registry/base64-js/-/base64-js-1.5.1.tgz",
      "integrity": "sha1-GxtEAWClv3rUC2UPCVljSBkDkwo=",
      "funding": [
        {
          "type": "github",
          "url": "https://github.com/sponsors/feross"
        },
        {
          "type": "patreon",
          "url": "https://www.patreon.com/feross"
        },
        {
          "type": "consulting",
          "url": "https://feross.org/support"
        }
      ],
      "license": "MIT"
    },
    "node_modules/bl": {
      "version": "6.1.6",
      "resolved": "https://ms-feed-25.pkgs.visualstudio.com/1es-public/_packaging/npm-public/npm/registry/bl/-/bl-6.1.6.tgz",
      "integrity": "sha1-tA866mljxnQmFqlX77dCxPuH7Ls=",
      "license": "MIT",
      "dependencies": {
        "@types/readable-stream": "^4.0.0",
        "buffer": "^6.0.3",
        "inherits": "^2.0.4",
        "readable-stream": "^4.2.0"
      }
    },
    "node_modules/brace-expansion": {
      "version": "5.0.12",
      "resolved": "https://ms-feed-25.pkgs.visualstudio.com/1es-public/_packaging/npm-public/npm/registry/brace-expansion/-/brace-expansion-5.0.12.tgz",
      "integrity": "sha512-YovQ3rzhaLMIrDjNDMkNS01tea93qhEhG5xy8f6+R0l+dw3Ki+5sCoIoI942iuLZTHWogWktgwVDhU09iNEimQ==",
      "dev": true,
      "license": "MIT",
      "dependencies": {
        "balanced-match": "^4.0.2"
      },
      "engines": {
        "node": "20 || >=22"
      }
    },
    "node_modules/buffer": {
      "version": "6.0.3",
      "resolved": "https://ms-feed-25.pkgs.visualstudio.com/1es-public/_packaging/npm-public/npm/registry/buffer/-/buffer-6.0.3.tgz",
      "integrity": "sha1-Ks5XhFnMj74qcKqo9S7mO2p0xsY=",
      "funding": [
        {
          "type": "github",
          "url": "https://github.com/sponsors/feross"
        },
        {
          "type": "patreon",
          "url": "https://www.patreon.com/feross"
        },
        {
          "type": "consulting",
          "url": "https://feross.org/support"
        }
      ],
      "license": "MIT",
      "dependencies": {
        "base64-js": "^1.3.1",
        "ieee754": "^1.2.1"
      }
    },
    "node_modules/buffer-equal-constant-time": {
      "version": "1.0.1",
      "resolved": "https://ms-feed-25.pkgs.visualstudio.com/1es-public/_packaging/npm-public/npm/registry/buffer-equal-constant-time/-/buffer-equal-constant-time-1.0.1.tgz",
      "integrity": "sha1-+OcRMvf/5uAaXJaXpMbz5I1cyBk=",
      "license": "BSD-3-Clause"
    },
    "node_modules/bundle-name": {
      "version": "4.1.0",
      "resolved": "https://ms-feed-25.pkgs.visualstudio.com/1es-public/_packaging/npm-public/npm/registry/bundle-name/-/bundle-name-4.1.0.tgz",
      "integrity": "sha1-87lrNBYNZDGhnXaIE1r3z7h5eIk=",
      "license": "MIT",
      "dependencies": {
        "run-applescript": "^7.0.0"
      },
      "engines": {
        "node": ">=18"
      },
      "funding": {
        "url": "https://github.com/sponsors/sindresorhus"
      }
    },
    "node_modules/chownr": {
      "version": "3.0.0",
      "resolved": "https://ms-feed-25.pkgs.visualstudio.com/1es-public/_packaging/npm-public/npm/registry/chownr/-/chownr-3.0.0.tgz",
      "integrity": "sha1-mFXmTs0kCpzEJnzopKpdJKHaFeQ=",
      "license": "BlueOak-1.0.0",
      "engines": {
        "node": ">=18"
      }
    },
    "node_modules/commander": {
      "version": "11.1.0",
      "resolved": "https://ms-feed-25.pkgs.visualstudio.com/1es-public/_packaging/npm-public/npm/registry/commander/-/commander-11.1.0.tgz",
      "integrity": "sha1-Yv3OdgBqaOXBqzMU3JLoAOuD2QY=",
      "license": "MIT",
      "engines": {
        "node": ">=16"
      }
    },
    "node_modules/cookie": {
      "version": "0.7.2",
      "resolved": "https://ms-feed-25.pkgs.visualstudio.com/1es-public/_packaging/npm-public/npm/registry/cookie/-/cookie-0.7.2.tgz",
      "integrity": "sha1-VWNpxHKiupEPKXmJG1JrNDYjftc=",
      "license": "MIT",
      "engines": {
        "node": ">= 0.6"
      }
    },
    "node_modules/debug": {
      "version": "4.4.3",
      "resolved": "https://ms-feed-25.pkgs.visualstudio.com/1es-public/_packaging/npm-public/npm/registry/debug/-/debug-4.4.3.tgz",
      "integrity": "sha1-xq5DLZvZZiWC/OCHCbA4xY6ePWo=",
      "license": "MIT",
      "dependencies": {
        "ms": "^2.1.3"
      },
      "engines": {
        "node": ">=6.0"
      },
      "peerDependenciesMeta": {
        "supports-color": {
          "optional": true
        }
      }
    },
    "node_modules/default-browser": {
      "version": "5.5.1",
      "resolved": "https://ms-feed-25.pkgs.visualstudio.com/1es-public/_packaging/npm-public/npm/registry/default-browser/-/default-browser-5.5.1.tgz",
      "integrity": "sha1-F5Cv/FJoD7sR4XyrJ1LWmqKjfSw=",
      "license": "MIT",
      "dependencies": {
        "bundle-name": "^4.1.0",
        "default-browser-id": "^5.0.0"
      },
      "engines": {
        "node": ">=18"
      },
      "funding": {
        "url": "https://github.com/sponsors/sindresorhus"
      }
    },
    "node_modules/default-browser-id": {
      "version": "5.0.1",
      "resolved": "https://ms-feed-25.pkgs.visualstudio.com/1es-public/_packaging/npm-public/npm/registry/default-browser-id/-/default-browser-id-5.0.1.tgz",
      "integrity": "sha1-96fMuPUQS/jg9xujscz6Xq/bIeg=",
      "license": "MIT",
      "engines": {
        "node": ">=18"
      },
      "funding": {
        "url": "https://github.com/sponsors/sindresorhus"
      }
    },
    "node_modules/define-lazy-prop": {
      "version": "3.0.0",
      "resolved": "https://ms-feed-25.pkgs.visualstudio.com/1es-public/_packaging/npm-public/npm/registry/define-lazy-prop/-/define-lazy-prop-3.0.0.tgz",
      "integrity": "sha1-27Ga37dG1/xtc0oGty9KANAhJV8=",
      "license": "MIT",
      "engines": {
        "node": ">=12"
      },
      "funding": {
        "url": "https://github.com/sponsors/sindresorhus"
      }
    },
    "node_modules/ecdsa-sig-formatter": {
      "version": "1.0.11",
      "resolved": "https://ms-feed-25.pkgs.visualstudio.com/1es-public/_packaging/npm-public/npm/registry/ecdsa-sig-formatter/-/ecdsa-sig-formatter-1.0.11.tgz",
      "integrity": "sha1-rg8PothQRe8UqBfao86azQSJ5b8=",
      "license": "Apache-2.0",
      "dependencies": {
        "safe-buffer": "^5.0.1"
      }
    },
    "node_modules/event-target-shim": {
      "version": "5.0.1",
      "resolved": "https://ms-feed-25.pkgs.visualstudio.com/1es-public/_packaging/npm-public/npm/registry/event-target-shim/-/event-target-shim-5.0.1.tgz",
      "integrity": "sha1-XU0+vflYPWOlMzzi3rdICrKwV4k=",
      "license": "MIT",
      "engines": {
        "node": ">=6"
      }
    },
    "node_modules/events": {
      "version": "3.3.0",
      "resolved": "https://ms-feed-25.pkgs.visualstudio.com/1es-public/_packaging/npm-public/npm/registry/events/-/events-3.3.0.tgz",
      "integrity": "sha1-Mala0Kkk4tLEGagTrrLE6HjqdAA=",
      "license": "MIT",
      "engines": {
        "node": ">=0.8.x"
      }
    },
    "node_modules/glob": {
      "version": "13.0.6",
      "resolved": "https://ms-feed-25.pkgs.visualstudio.com/1es-public/_packaging/npm-public/npm/registry/glob/-/glob-13.0.6.tgz",
      "integrity": "sha1-B4ZmVmpCUUfMrPvS4zLetmor5x0=",
      "dev": true,
      "license": "BlueOak-1.0.0",
      "dependencies": {
        "minimatch": "^10.2.2",
        "minipass": "^7.1.3",
        "path-scurry": "^2.0.2"
      },
      "engines": {
        "node": "18 || 20 || >=22"
      },
      "funding": {
        "url": "https://github.com/sponsors/isaacs"
      }
    },
    "node_modules/http-proxy-agent": {
      "version": "7.0.2",
      "resolved": "https://ms-feed-25.pkgs.visualstudio.com/1es-public/_packaging/npm-public/npm/registry/http-proxy-agent/-/http-proxy-agent-7.0.2.tgz",
      "integrity": "sha1-mosfJGhmwChQlIZYX2K48sGMJw4=",
      "license": "MIT",
      "dependencies": {
        "agent-base": "^7.1.0",
        "debug": "^4.3.4"
      },
      "engines": {
        "node": ">= 14"
      }
    },
    "node_modules/https-proxy-agent": {
      "version": "7.0.6",
      "resolved": "https://ms-feed-25.pkgs.visualstudio.com/1es-public/_packaging/npm-public/npm/registry/https-proxy-agent/-/https-proxy-agent-7.0.6.tgz",
      "integrity": "sha1-2o3+rH2hMLBcK6S1nJts1mYRprk=",
      "license": "MIT",
      "dependencies": {
        "agent-base": "^7.1.2",
        "debug": "4"
      },
      "engines": {
        "node": ">= 14"
      }
    },
    "node_modules/iconv-lite": {
      "version": "0.7.3",
      "resolved": "https://ms-feed-25.pkgs.visualstudio.com/1es-public/_packaging/npm-public/npm/registry/iconv-lite/-/iconv-lite-0.7.3.tgz",
      "integrity": "sha1-hO4S+WPn3lC8AaE+FgoHizsPQV8=",
      "license": "MIT",
      "dependencies": {
        "safer-buffer": ">= 2.1.2 < 3.0.0"
      },
      "engines": {
        "node": ">=0.10.0"
      },
      "funding": {
        "type": "opencollective",
        "url": "https://opencollective.com/express"
      }
    },
    "node_modules/ieee754": {
      "version": "1.2.1",
      "resolved": "https://ms-feed-25.pkgs.visualstudio.com/1es-public/_packaging/npm-public/npm/registry/ieee754/-/ieee754-1.2.1.tgz",
      "integrity": "sha1-jrehCmP/8l0VpXsAFYbRd9Gw01I=",
      "funding": [
        {
          "type": "github",
          "url": "https://github.com/sponsors/feross"
        },
        {
          "type": "patreon",
          "url": "https://www.patreon.com/feross"
        },
        {
          "type": "consulting",
          "url": "https://feross.org/support"
        }
      ],
      "license": "BSD-3-Clause"
    },
    "node_modules/inherits": {
      "version": "2.0.4",
      "resolved": "https://ms-feed-25.pkgs.visualstudio.com/1es-public/_packaging/npm-public/npm/registry/inherits/-/inherits-2.0.4.tgz",
      "integrity": "sha1-D6LGT5MpF8NDOg3tVTY6rjdBa3w=",
      "license": "ISC"
    },
    "node_modules/is-docker": {
      "version": "3.0.0",
      "resolved": "https://ms-feed-25.pkgs.visualstudio.com/1es-public/_packaging/npm-public/npm/registry/is-docker/-/is-docker-3.0.0.tgz",
      "integrity": "sha1-kAk6oxBid9inelkQ265xdH4VogA=",
      "license": "MIT",
      "bin": {
        "is-docker": "cli.js"
      },
      "engines": {
        "node": "^12.20.0 || ^14.13.1 || >=16.0.0"
      },
      "funding": {
        "url": "https://github.com/sponsors/sindresorhus"
      }
    },
    "node_modules/is-inside-container": {
      "version": "1.0.0",
      "resolved": "https://ms-feed-25.pkgs.visualstudio.com/1es-public/_packaging/npm-public/npm/registry/is-inside-container/-/is-inside-container-1.0.0.tgz",
      "integrity": "sha1-6B+6aZZi6zHb2vJnZqYdSBRxfqQ=",
      "license": "MIT",
      "dependencies": {
        "is-docker": "^3.0.0"
      },
      "bin": {
        "is-inside-container": "cli.js"
      },
      "engines": {
        "node": ">=14.16"
      },
      "funding": {
        "url": "https://github.com/sponsors/sindresorhus"
      }
    },
    "node_modules/is-wsl": {
      "version": "3.1.1",
      "resolved": "https://ms-feed-25.pkgs.visualstudio.com/1es-public/_packaging/npm-public/npm/registry/is-wsl/-/is-wsl-3.1.1.tgz",
      "integrity": "sha1-MniXsmgyo+sRfabCdJLQTKEyWU8=",
      "license": "MIT",
      "dependencies": {
        "is-inside-container": "^1.0.0"
      },
      "engines": {
        "node": ">=16"
      },
      "funding": {
        "url": "https://github.com/sponsors/sindresorhus"
      }
    },
    "node_modules/js-md4": {
      "version": "0.3.2",
      "resolved": "https://ms-feed-25.pkgs.visualstudio.com/1es-public/_packaging/npm-public/npm/registry/js-md4/-/js-md4-0.3.2.tgz",
      "integrity": "sha1-zTs9wEWwxARVbIHdtXVsI+WdfPU=",
      "license": "MIT"
    },
    "node_modules/jsonwebtoken": {
      "version": "9.0.3",
      "resolved": "https://ms-feed-25.pkgs.visualstudio.com/1es-public/_packaging/npm-public/npm/registry/jsonwebtoken/-/jsonwebtoken-9.0.3.tgz",
      "integrity": "sha1-bNV6sB6bCsB8uEfVPTybbuMfeuI=",
      "license": "MIT",
      "dependencies": {
        "jws": "^4.0.1",
        "lodash.includes": "^4.3.0",
        "lodash.isboolean": "^3.0.3",
        "lodash.isinteger": "^4.0.4",
        "lodash.isnumber": "^3.0.3",
        "lodash.isplainobject": "^4.0.6",
        "lodash.isstring": "^4.0.1",
        "lodash.once": "^4.0.0",
        "ms": "^2.1.1",
        "semver": "^7.5.4"
      },
      "engines": {
        "node": ">=12",
        "npm": ">=6"
      }
    },
    "node_modules/jwa": {
      "version": "2.0.1",
      "resolved": "https://ms-feed-25.pkgs.visualstudio.com/1es-public/_packaging/npm-public/npm/registry/jwa/-/jwa-2.0.1.tgz",
      "integrity": "sha1-v4F20a0M1y4PP1gzhZWhPhELyAQ=",
      "license": "MIT",
      "dependencies": {
        "buffer-equal-constant-time": "^1.0.1",
        "ecdsa-sig-formatter": "1.0.11",
        "safe-buffer": "^5.0.1"
      }
    },
    "node_modules/jws": {
      "version": "4.0.1",
      "resolved": "https://ms-feed-25.pkgs.visualstudio.com/1es-public/_packaging/npm-public/npm/registry/jws/-/jws-4.0.1.tgz",
      "integrity": "sha1-B+3Bvo+sIOZ3soPs4mFJi9OPBpA=",
      "license": "MIT",
      "dependencies": {
        "jwa": "^2.0.1",
        "safe-buffer": "^5.0.1"
      }
    },
    "node_modules/lodash.includes": {
      "version": "4.3.0",
      "resolved": "https://ms-feed-25.pkgs.visualstudio.com/1es-public/_packaging/npm-public/npm/registry/lodash.includes/-/lodash.includes-4.3.0.tgz",
      "integrity": "sha1-YLuYqHy5I8aMoeUTJUgzFISfVT8=",
      "license": "MIT"
    },
    "node_modules/lodash.isboolean": {
      "version": "3.0.3",
      "resolved": "https://ms-feed-25.pkgs.visualstudio.com/1es-public/_packaging/npm-public/npm/registry/lodash.isboolean/-/lodash.isboolean-3.0.3.tgz",
      "integrity": "sha1-bC4XHbKiV82WgC/UOwGyDV9YcPY=",
      "license": "MIT"
    },
    "node_modules/lodash.isinteger": {
      "version": "4.0.4",
      "resolved": "https://ms-feed-25.pkgs.visualstudio.com/1es-public/_packaging/npm-public/npm/registry/lodash.isinteger/-/lodash.isinteger-4.0.4.tgz",
      "integrity": "sha1-YZwK89A/iwTDH1iChAt3sRzWg0M=",
      "license": "MIT"
    },
    "node_modules/lodash.isnumber": {
      "version": "3.0.3",
      "resolved": "https://ms-feed-25.pkgs.visualstudio.com/1es-public/_packaging/npm-public/npm/registry/lodash.isnumber/-/lodash.isnumber-3.0.3.tgz",
      "integrity": "sha1-POdoEMWSjQM1IwGsKHMX8RwLH/w=",
      "license": "MIT"
    },
    "node_modules/lodash.isplainobject": {
      "version": "4.0.6",
      "resolved": "https://ms-feed-25.pkgs.visualstudio.com/1es-public/_packaging/npm-public/npm/registry/lodash.isplainobject/-/lodash.isplainobject-4.0.6.tgz",
      "integrity": "sha1-fFJqUtibRcRcxpC4gWO+BJf1UMs=",
      "license": "MIT"
    },
    "node_modules/lodash.isstring": {
      "version": "4.0.1",
      "resolved": "https://ms-feed-25.pkgs.visualstudio.com/1es-public/_packaging/npm-public/npm/registry/lodash.isstring/-/lodash.isstring-4.0.1.tgz",
      "integrity": "sha1-1SfftUVuynzJu5XV2ur4i6VKVFE=",
      "license": "MIT"
    },
    "node_modules/lodash.once": {
      "version": "4.1.1",
      "resolved": "https://ms-feed-25.pkgs.visualstudio.com/1es-public/_packaging/npm-public/npm/registry/lodash.once/-/lodash.once-4.1.1.tgz",
      "integrity": "sha1-DdOXEhPHxW34gJd9UEyI+0cal6w=",
      "license": "MIT"
    },
    "node_modules/lru-cache": {
      "version": "11.5.3",
      "resolved": "https://ms-feed-25.pkgs.visualstudio.com/1es-public/_packaging/npm-public/npm/registry/lru-cache/-/lru-cache-11.5.3.tgz",
      "integrity": "sha512-U4N8FgzmWxc8k1VH8Kr6lQg18U7Fjvby6wXHVRX/ZZ7IwWbRMgrRbP0Wrb5q5NVinryp4SQampHKdvtecItxUg==",
      "dev": true,
      "license": "BlueOak-1.0.0",
      "engines": {
        "node": "20 || >=22"
      }
    },
    "node_modules/minimatch": {
      "version": "10.2.6",
      "resolved": "https://ms-feed-25.pkgs.visualstudio.com/1es-public/_packaging/npm-public/npm/registry/minimatch/-/minimatch-10.2.6.tgz",
      "integrity": "sha1-/ZVrvgt3JB6fFaxdzLHGOAYJaO8=",
      "dev": true,
      "license": "BlueOak-1.0.0",
      "dependencies": {
        "brace-expansion": "^5.0.8"
      },
      "engines": {
        "node": "18 || 20 || >=22"
      },
      "funding": {
        "url": "https://github.com/sponsors/isaacs"
      }
    },
    "node_modules/minipass": {
      "version": "7.1.3",
      "resolved": "https://ms-feed-25.pkgs.visualstudio.com/1es-public/_packaging/npm-public/npm/registry/minipass/-/minipass-7.1.3.tgz",
      "integrity": "sha1-eTibTrG7LQA6m7qH1JLyvTe9xls=",
      "license": "BlueOak-1.0.0",
      "engines": {
        "node": ">=16 || 14 >=14.17"
      }
    },
    "node_modules/minizlib": {
      "version": "3.1.0",
      "resolved": "https://ms-feed-25.pkgs.visualstudio.com/1es-public/_packaging/npm-public/npm/registry/minizlib/-/minizlib-3.1.0.tgz",
      "integrity": "sha1-atdsOo8QInybUdHJrI4wsn9aJRw=",
      "license": "MIT",
      "dependencies": {
        "minipass": "^7.1.2"
      },
      "engines": {
        "node": ">= 18"
      }
    },
    "node_modules/ms": {
      "version": "2.1.3",
      "resolved": "https://ms-feed-25.pkgs.visualstudio.com/1es-public/_packaging/npm-public/npm/registry/ms/-/ms-2.1.3.tgz",
      "integrity": "sha1-V0yBOM4dK1hh8LRFedut1gxmFbI=",
      "license": "MIT"
    },
    "node_modules/mssql": {
      "version": "12.7.2",
      "resolved": "https://ms-feed-25.pkgs.visualstudio.com/1es-public/_packaging/npm-public/npm/registry/mssql/-/mssql-12.7.2.tgz",
      "integrity": "sha512-zhpPw+WXBWLw7d7J6Y0aWgQy0EV8HKDGNSvmkAjP8bSM4H41X0fweAeKWI+bg9Ri+JHCbsf/QScjmACBFcEo8A==",
      "license": "MIT",
      "dependencies": {
        "@tediousjs/connection-string": "^1.0.0",
        "commander": "^11.0.0",
        "debug": "^4.3.3",
        "tarn": "^3.0.2",
        "tedious": "^19.2.2 || ^20.0.0"
      },
      "bin": {
        "mssql": "bin/mssql"
      },
      "engines": {
        "node": ">=18.19.0"
      }
    },
    "node_modules/native-duplexpair": {
      "version": "1.0.0",
      "resolved": "https://ms-feed-25.pkgs.visualstudio.com/1es-public/_packaging/npm-public/npm/registry/native-duplexpair/-/native-duplexpair-1.0.0.tgz",
      "integrity": "sha1-eJkHjmS/PIo9cyYBs9QP8F21j6A=",
      "license": "MIT"
    },
    "node_modules/open": {
      "version": "10.2.0",
      "resolved": "https://ms-feed-25.pkgs.visualstudio.com/1es-public/_packaging/npm-public/npm/registry/open/-/open-10.2.0.tgz",
      "integrity": "sha1-udhVvgB2IOgLb7BfrJgUH+Yttzw=",
      "license": "MIT",
      "dependencies": {
        "default-browser": "^5.2.1",
        "define-lazy-prop": "^3.0.0",
        "is-inside-container": "^1.0.0",
        "wsl-utils": "^0.1.0"
      },
      "engines": {
        "node": ">=18"
      },
      "funding": {
        "url": "https://github.com/sponsors/sindresorhus"
      }
    },
    "node_modules/package-json-from-dist": {
      "version": "1.0.1",
      "resolved": "https://ms-feed-25.pkgs.visualstudio.com/1es-public/_packaging/npm-public/npm/registry/package-json-from-dist/-/package-json-from-dist-1.0.1.tgz",
      "integrity": "sha1-TxRxoBCCeob5TP2bByfjbSZ95QU=",
      "dev": true,
      "license": "BlueOak-1.0.0"
    },
    "node_modules/path-scurry": {
      "version": "2.0.2",
      "resolved": "https://ms-feed-25.pkgs.visualstudio.com/1es-public/_packaging/npm-public/npm/registry/path-scurry/-/path-scurry-2.0.2.tgz",
      "integrity": "sha1-a+DQ7gKhDZ4N56mLrmXhgskGH4U=",
      "dev": true,
      "license": "BlueOak-1.0.0",
      "dependencies": {
        "lru-cache": "^11.0.0",
        "minipass": "^7.1.2"
      },
      "engines": {
        "node": "18 || 20 || >=22"
      },
      "funding": {
        "url": "https://github.com/sponsors/isaacs"
      }
    },
    "node_modules/pluralize": {
      "version": "8.0.0",
      "resolved": "https://ms-feed-25.pkgs.visualstudio.com/1es-public/_packaging/npm-public/npm/registry/pluralize/-/pluralize-8.0.0.tgz",
      "integrity": "sha1-Gm+hajjRKhkB4DIPoBcFHFOc47E=",
      "license": "MIT",
      "engines": {
        "node": ">=4"
      }
    },
    "node_modules/process": {
      "version": "0.11.10",
      "resolved": "https://ms-feed-25.pkgs.visualstudio.com/1es-public/_packaging/npm-public/npm/registry/process/-/process-0.11.10.tgz",
      "integrity": "sha1-czIwDoQBYb2j5podHZGn1LwW8YI=",
      "license": "MIT",
      "engines": {
        "node": ">= 0.6.0"
      }
    },
    "node_modules/readable-stream": {
      "version": "4.7.0",
      "resolved": "https://ms-feed-25.pkgs.visualstudio.com/1es-public/_packaging/npm-public/npm/registry/readable-stream/-/readable-stream-4.7.0.tgz",
      "integrity": "sha1-ztvYoRRsE9//jasUBoAo1YwVrJE=",
      "license": "MIT",
      "dependencies": {
        "abort-controller": "^3.0.0",
        "buffer": "^6.0.3",
        "events": "^3.3.0",
        "process": "^0.11.10",
        "string_decoder": "^1.3.0"
      },
      "engines": {
        "node": "^12.22.0 || ^14.17.0 || >=16.0.0"
      }
    },
    "node_modules/rimraf": {
      "version": "6.1.3",
      "resolved": "https://ms-feed-25.pkgs.visualstudio.com/1es-public/_packaging/npm-public/npm/registry/rimraf/-/rimraf-6.1.3.tgz",
      "integrity": "sha1-r77iNrO9K+Mx1OfORJO6wXGJga8=",
      "dev": true,
      "license": "BlueOak-1.0.0",
      "dependencies": {
        "glob": "^13.0.3",
        "package-json-from-dist": "^1.0.1"
      },
      "bin": {
        "rimraf": "dist/esm/bin.mjs"
      },
      "engines": {
        "node": "20 || >=22"
      },
      "funding": {
        "url": "https://github.com/sponsors/isaacs"
      }
    },
    "node_modules/run-applescript": {
      "version": "7.1.0",
      "resolved": "https://ms-feed-25.pkgs.visualstudio.com/1es-public/_packaging/npm-public/npm/registry/run-applescript/-/run-applescript-7.1.0.tgz",
      "integrity": "sha1-Lp5UxGZOwxBsW1Yw4knT1llcSRE=",
      "license": "MIT",
      "engines": {
        "node": ">=18"
      },
      "funding": {
        "url": "https://github.com/sponsors/sindresorhus"
      }
    },
    "node_modules/safe-buffer": {
      "version": "5.2.1",
      "resolved": "https://ms-feed-25.pkgs.visualstudio.com/1es-public/_packaging/npm-public/npm/registry/safe-buffer/-/safe-buffer-5.2.1.tgz",
      "integrity": "sha1-Hq+fqb2x/dTsdfWPnNtOa3gn7sY=",
      "funding": [
        {
          "type": "github",
          "url": "https://github.com/sponsors/feross"
        },
        {
          "type": "patreon",
          "url": "https://www.patreon.com/feross"
        },
        {
          "type": "consulting",
          "url": "https://feross.org/support"
        }
      ],
      "license": "MIT"
    },
    "node_modules/safer-buffer": {
      "version": "2.1.2",
      "resolved": "https://ms-feed-25.pkgs.visualstudio.com/1es-public/_packaging/npm-public/npm/registry/safer-buffer/-/safer-buffer-2.1.2.tgz",
      "integrity": "sha1-RPoWGwGHuVSd2Eu5GAL5vYOFzWo=",
      "license": "MIT"
    },
    "node_modules/semver": {
      "version": "7.8.5",
      "resolved": "https://ms-feed-25.pkgs.visualstudio.com/1es-public/_packaging/npm-public/npm/registry/semver/-/semver-7.8.5.tgz",
      "integrity": "sha1-ObZGA33VDBT7RR5+TKxY7YuGP2k=",
      "license": "ISC",
      "bin": {
        "semver": "bin/semver.js"
      },
      "engines": {
        "node": ">=10"
      }
    },
    "node_modules/sprintf-js": {
      "version": "1.1.3",
      "resolved": "https://ms-feed-25.pkgs.visualstudio.com/1es-public/_packaging/npm-public/npm/registry/sprintf-js/-/sprintf-js-1.1.3.tgz",
      "integrity": "sha1-SRS5A6L4toXRf994pw6RfocuREo=",
      "license": "BSD-3-Clause"
    },
    "node_modules/string_decoder": {
      "version": "1.3.0",
      "resolved": "https://ms-feed-25.pkgs.visualstudio.com/1es-public/_packaging/npm-public/npm/registry/string_decoder/-/string_decoder-1.3.0.tgz",
      "integrity": "sha1-QvEUWUpGzxqOMLCoT1bHjD7awh4=",
      "license": "MIT",
      "dependencies": {
        "safe-buffer": "~5.2.0"
      }
    },
    "node_modules/tar": {
      "version": "7.5.22",
      "resolved": "https://ms-feed-25.pkgs.visualstudio.com/1es-public/_packaging/npm-public/npm/registry/tar/-/tar-7.5.22.tgz",
      "integrity": "sha1-ppb5mBNucUh9w/hpqFu6LGeXG6k=",
      "license": "BlueOak-1.0.0",
      "dependencies": {
        "@isaacs/fs-minipass": "^4.0.0",
        "chownr": "^3.0.0",
        "minipass": "^7.1.2",
        "minizlib": "^3.1.0",
        "yallist": "^5.0.0"
      },
      "engines": {
        "node": ">=18"
      }
    },
    "node_modules/tarn": {
      "version": "3.1.2",
      "resolved": "https://ms-feed-25.pkgs.visualstudio.com/1es-public/_packaging/npm-public/npm/registry/tarn/-/tarn-3.1.2.tgz",
      "integrity": "sha1-0pItNKIyyLAnYF84c6nFUxjOTzQ=",
      "license": "MIT",
      "engines": {
        "node": ">=8.0.0"
      }
    },
    "node_modules/tedious": {
      "version": "19.2.2",
      "resolved": "https://ms-feed-25.pkgs.visualstudio.com/1es-public/_packaging/npm-public/npm/registry/tedious/-/tedious-19.2.2.tgz",
      "integrity": "sha1-kO1pxht/2koHPi0/8eK0wiVIg5o=",
      "license": "MIT",
      "dependencies": {
        "@azure/core-auth": "^1.7.2",
        "@azure/identity": "^4.2.1",
        "@azure/keyvault-keys": "^4.4.0",
        "@js-joda/core": "^6.0.1",
        "@types/node": ">=18",
        "bl": "^6.1.4",
        "iconv-lite": "^0.7.0",
        "js-md4": "^0.3.2",
        "native-duplexpair": "^1.0.0",
        "sprintf-js": "^1.1.3"
      },
      "engines": {
        "node": ">=18.17"
      }
    },
    "node_modules/tslib": {
      "version": "2.8.1",
      "resolved": "https://ms-feed-25.pkgs.visualstudio.com/1es-public/_packaging/npm-public/npm/registry/tslib/-/tslib-2.8.1.tgz",
      "integrity": "sha1-YS7+TtI11Wfoq6Xypfq3AoCt6D8=",
      "license": "0BSD"
    },
    "node_modules/typescript": {
      "version": "5.9.3",
      "resolved": "https://ms-feed-25.pkgs.visualstudio.com/1es-public/_packaging/npm-public/npm/registry/typescript/-/typescript-5.9.3.tgz",
      "integrity": "sha1-W09Z4VMQqxeiFvXWz1PuR27eZw8=",
      "license": "Apache-2.0",
      "bin": {
        "tsc": "bin/tsc",
        "tsserver": "bin/tsserver"
      },
      "engines": {
        "node": ">=14.17"
      }
    },
    "node_modules/undici-types": {
      "version": "7.18.2",
      "resolved": "https://ms-feed-25.pkgs.visualstudio.com/1es-public/_packaging/npm-public/npm/registry/undici-types/-/undici-types-7.18.2.tgz",
      "integrity": "sha1-KTV6iee3ykrvO/D9P9DNc4hCKek=",
      "license": "MIT"
    },
    "node_modules/wsl-utils": {
      "version": "0.1.0",
      "resolved": "https://ms-feed-25.pkgs.visualstudio.com/1es-public/_packaging/npm-public/npm/registry/wsl-utils/-/wsl-utils-0.1.0.tgz",
      "integrity": "sha1-h4PU32cdTVA2W+LuTHGRegVXuqs=",
      "license": "MIT",
      "dependencies": {
        "is-wsl": "^3.1.0"
      },
      "engines": {
        "node": ">=18"
      },
      "funding": {
        "url": "https://github.com/sponsors/sindresorhus"
      }
    },
    "node_modules/yallist": {
      "version": "5.0.0",
      "resolved": "https://ms-feed-25.pkgs.visualstudio.com/1es-public/_packaging/npm-public/npm/registry/yallist/-/yallist-5.0.0.tgz",
      "integrity": "sha1-AOLeRDY57Q14/YfeDSdGn7z/tTM=",
      "license": "BlueOak-1.0.0",
      "engines": {
        "node": ">=18"
      }
    },
    "node_modules/yaml": {
      "version": "2.9.1",
      "resolved": "https://ms-feed-25.pkgs.visualstudio.com/1es-public/_packaging/npm-public/npm/registry/yaml/-/yaml-2.9.1.tgz",
      "integrity": "sha512-3NxN8+78OdzbT7C/WjGsyfPAtJaN3FNDsWxv7Y7mcDsT/oOmgW8BpyQQFFBnvZE3j9Y2Sdz1ULFLezL7Eb2yFw==",
      "license": "ISC",
      "bin": {
        "yaml": "bin.mjs"
      },
      "engines": {
        "node": ">= 14.6"
      },
      "funding": {
        "url": "https://github.com/sponsors/eemeli"
      }
    },
    "node_modules/zod": {
      "version": "4.3.6",
      "resolved": "https://ms-feed-25.pkgs.visualstudio.com/1es-public/_packaging/npm-public/npm/registry/zod/-/zod-4.3.6.tgz",
      "integrity": "sha1-icVuCqfSsFEH2JRBIicIeIWrESo=",
      "license": "MIT",
      "funding": {
        "url": "https://github.com/sponsors/colinhacks"
      }
    }
  }
}
