Microsoft Visual Studio Solution File, Format Version 12.00
# Visual Studio Version 17
VisualStudioVersion = 17.5.2.0
MinimumVisualStudioVersion = 10.0.40219.1
Project("{FAE04EC0-301F-11D3-BF4B-00C04F79EFBC}") = "automate-wh-sqlendpoint-deployment", "automate-wh-sqlendpoint-deployment.csproj", "{77D615D3-8F1B-EFF3-1DC0-A1E49AAE7851}"
EndProject
Global
	GlobalSection(SolutionConfigurationPlatforms) = preSolution
		Debug|Any CPU = Debug|Any CPU
		Release|Any CPU = Release|Any CPU
	EndGlobalSection
	GlobalSection(ProjectConfigurationPlatforms) = postSolution
		{77D615D3-8F1B-EFF3-1DC0-A1E49AAE7851}.Debug|Any CPU.ActiveCfg = Debug|Any CPU
		{77D615D3-8F1B-EFF3-1DC0-A1E49AAE7851}.Debug|Any CPU.Build.0 = Debug|Any CPU
		{77D615D3-8F1B-EFF3-1DC0-A1E49AAE7851}.Release|Any CPU.ActiveCfg = Release|Any CPU
		{77D615D3-8F1B-EFF3-1DC0-A1E49AAE7851}.Release|Any CPU.Build.0 = Release|Any CPU
	EndGlobalSection
	GlobalSection(SolutionProperties) = preSolution
		HideSolutionNode = FALSE
	EndGlobalSection
	GlobalSection(ExtensibilityGlobals) = postSolution
		SolutionGuid = {DFDCD20A-A6AB-4F69-AA09-822E8DF5870F}
	EndGlobalSection
EndGlobal
