
Microsoft Visual Studio Solution File, Format Version 12.00
# Visual Studio Version 17
VisualStudioVersion = 17.11.35431.28
MinimumVisualStudioVersion = 10.0.40219.1
Project("{FAE04EC0-301F-11D3-BF4B-00C04F79EFBC}") = "GenericMirroring", "GenericMirroring.csproj", "{54AE3110-2E1B-4D58-AA2B-9FFA4DE9E559}"
EndProject
Global
	GlobalSection(SolutionConfigurationPlatforms) = preSolution
		Debug|Any CPU = Debug|Any CPU
		Release|Any CPU = Release|Any CPU
	EndGlobalSection
	GlobalSection(ProjectConfigurationPlatforms) = postSolution
		{54AE3110-2E1B-4D58-AA2B-9FFA4DE9E559}.Debug|Any CPU.ActiveCfg = Debug|Any CPU
		{54AE3110-2E1B-4D58-AA2B-9FFA4DE9E559}.Debug|Any CPU.Build.0 = Debug|Any CPU
		{54AE3110-2E1B-4D58-AA2B-9FFA4DE9E559}.Release|Any CPU.ActiveCfg = Release|Any CPU
		{54AE3110-2E1B-4D58-AA2B-9FFA4DE9E559}.Release|Any CPU.Build.0 = Release|Any CPU
	EndGlobalSection
	GlobalSection(SolutionProperties) = preSolution
		HideSolutionNode = FALSE
	EndGlobalSection
	GlobalSection(ExtensibilityGlobals) = postSolution
		SolutionGuid = {B6647F31-0888-4C6F-9053-5826D62C402C}
	EndGlobalSection
EndGlobal
